
Microsoft Visual Studio Solution File, Format Version 12.00
# Visual Studio Version 16
VisualStudioVersion = 16.0.30001.183
MinimumVisualStudioVersion = 10.0.40219.1
Project("{9A19103F-16F7-4668-BE54-9A1E7A4F7556}") = "HandyUtils.Buffers", "HandyUtils.Buffers\HandyUtils.Buffers.csproj", "{B2B3A673-99C1-42FE-BC1C-61117438E855}"
EndProject
Project("{9A19103F-16F7-4668-BE54-9A1E7A4F7556}") = "HandyUtils.Unicode", "HandyUtils.Unicode\HandyUtils.Unicode.csproj", "{304DE644-965D-4B91-AEF0-50BF0582F212}"
EndProject
Project("{FAE04EC0-301F-11D3-BF4B-00C04F79EFBC}") = "HandyUtils.PipelinesUtils", "HandyUtils.PipelinesUtils\HandyUtils.PipelinesUtils.csproj", "{BCBFC9AC-0A09-4A1C-BC5F-FDB03C72D1E6}"
EndProject
Global
	GlobalSection(SolutionConfigurationPlatforms) = preSolution
		Debug|Any CPU = Debug|Any CPU
		Release|Any CPU = Release|Any CPU
	EndGlobalSection
	GlobalSection(ProjectConfigurationPlatforms) = postSolution
		{B2B3A673-99C1-42FE-BC1C-61117438E855}.Debug|Any CPU.ActiveCfg = Debug|Any CPU
		{B2B3A673-99C1-42FE-BC1C-61117438E855}.Debug|Any CPU.Build.0 = Debug|Any CPU
		{B2B3A673-99C1-42FE-BC1C-61117438E855}.Release|Any CPU.ActiveCfg = Release|Any CPU
		{B2B3A673-99C1-42FE-BC1C-61117438E855}.Release|Any CPU.Build.0 = Release|Any CPU
		{304DE644-965D-4B91-AEF0-50BF0582F212}.Debug|Any CPU.ActiveCfg = Debug|Any CPU
		{304DE644-965D-4B91-AEF0-50BF0582F212}.Debug|Any CPU.Build.0 = Debug|Any CPU
		{304DE644-965D-4B91-AEF0-50BF0582F212}.Release|Any CPU.ActiveCfg = Release|Any CPU
		{304DE644-965D-4B91-AEF0-50BF0582F212}.Release|Any CPU.Build.0 = Release|Any CPU
		{BCBFC9AC-0A09-4A1C-BC5F-FDB03C72D1E6}.Debug|Any CPU.ActiveCfg = Debug|Any CPU
		{BCBFC9AC-0A09-4A1C-BC5F-FDB03C72D1E6}.Debug|Any CPU.Build.0 = Debug|Any CPU
		{BCBFC9AC-0A09-4A1C-BC5F-FDB03C72D1E6}.Release|Any CPU.ActiveCfg = Release|Any CPU
		{BCBFC9AC-0A09-4A1C-BC5F-FDB03C72D1E6}.Release|Any CPU.Build.0 = Release|Any CPU
	EndGlobalSection
	GlobalSection(SolutionProperties) = preSolution
		HideSolutionNode = FALSE
	EndGlobalSection
	GlobalSection(ExtensibilityGlobals) = postSolution
		SolutionGuid = {E9EA9785-40B6-4871-B762-34F23124A58B}
	EndGlobalSection
EndGlobal
